
Microsoft Visual Studio Solution File, Format Version 12.00
# Visual Studio Version 17
VisualStudioVersion = 17.9.34701.34
MinimumVisualStudioVersion = 10.0.40219.1
Project("{FAE04EC0-301F-11D3-BF4B-00C04F79EFBC}") = "Archean Image Parser", "Archean Image Parser\Archean Image Parser.csproj", "{9C0A62E8-1EEF-4F9E-BD2A-F23E89DDC077}"
EndProject
Global
	GlobalSection(SolutionConfigurationPlatforms) = preSolution
		Debug|Any CPU = Debug|Any CPU
		Release|Any CPU = Release|Any CPU
	EndGlobalSection
	GlobalSection(ProjectConfigurationPlatforms) = postSolution
		{9C0A62E8-1EEF-4F9E-BD2A-F23E89DDC077}.Debug|Any CPU.ActiveCfg = Debug|Any CPU
		{9C0A62E8-1EEF-4F9E-BD2A-F23E89DDC077}.Debug|Any CPU.Build.0 = Debug|Any CPU
		{9C0A62E8-1EEF-4F9E-BD2A-F23E89DDC077}.Release|Any CPU.ActiveCfg = Release|Any CPU
		{9C0A62E8-1EEF-4F9E-BD2A-F23E89DDC077}.Release|Any CPU.Build.0 = Release|Any CPU
	EndGlobalSection
	GlobalSection(SolutionProperties) = preSolution
		HideSolutionNode = FALSE
	EndGlobalSection
	GlobalSection(ExtensibilityGlobals) = postSolution
		SolutionGuid = {109374BA-1EF5-40B4-A084-2A493AC45766}
	EndGlobalSection
EndGlobal
